# This file is automatically @generated by Cargo.
# It is not intended for manual editing.
version = 3

[[package]]
name = "float_eq"
version = "0.7.0"
source = "registry+https://github.com/rust-lang/crates.io-index"
checksum = "c1d53499e94f9a7828e63c574adf62bcade7f358c3738f9ea70d7c2edb61023d"

[[package]]
name = "sums_in_rolling_cube_dice"
version = "0.1.0"
dependencies = [
 "float_eq",
]
